<?xml version="1.0" encoding="utf-8"?>
<Project ToolsVersion="4.0" xmlns="http://schemas.microsoft.com/developer/msbuild/2003">
  <ItemGroup>
    <Filter Include="Source Files">
      <UniqueIdentifier>{4FC737F1-C7A5-4376-A066-2A32D752A2FF}</UniqueIdentifier>
      <Extensions>cpp;c;cc;cxx;def;odl;idl;hpj;bat;asm;asmx</Extensions>
    </Filter>
    <Filter Include="Source Files\common">
      <UniqueIdentifier>{b7f1cd91-07f2-4d5b-b629-2e943af34926}</UniqueIdentifier>
    </Filter>
    <Filter Include="Source Files\ai">
      <UniqueIdentifier>{7dc3a605-64d1-4d29-9ff1-6f6b1eafb226}</UniqueIdentifier>
    </Filter>
    <Filter Include="Header Files">
      <UniqueIdentifier>{93995380-89BD-4b04-88EB-625FBE52EBFB}</UniqueIdentifier>
      <Extensions>h;hpp;hxx;hm;inl;inc;xsd</Extensions>
    </Filter>
    <Filter Include="Header Files\common">
      <UniqueIdentifier>{7edae262-9916-4e49-8a5c-acfa437f4fe9}</UniqueIdentifier>
    </Filter>
    <Filter Include="Header Files\ai">
      <UniqueIdentifier>{82530adb-59c4-485f-978f-c4c849f45947}</UniqueIdentifier>
    </Filter>
    <Filter Include="Header Files\common\detour">
      <UniqueIdentifier>{89075007-3807-4b5f-9df2-cb2ac2b308cf}</UniqueIdentifier>
    </Filter>
    <Filter Include="Header Files\common\recast">
      <UniqueIdentifier>{af804228-61a0-45d3-97c2-9a18681a347a}</UniqueIdentifier>
    </Filter>
    <Filter Include="Source Files\common\detour">
      <UniqueIdentifier>{99c3c980-7b14-412b-a585-84bbee3f3fdc}</UniqueIdentifier>
    </Filter>
    <Filter Include="Source Files\ai\helpers">
      <UniqueIdentifier>{556ece7c-5f18-47dc-aa93-6bd3e6225c69}</UniqueIdentifier>
    </Filter>
    <Filter Include="Header Files\ai\helpers">
      <UniqueIdentifier>{7c17288c-6809-4a52-a845-38ebebf68ccd}</UniqueIdentifier>
    </Filter>
    <Filter Include="Header Files\common\marshal">
      <UniqueIdentifier>{e12005cb-3c26-42a1-9752-8898f7492816}</UniqueIdentifier>
    </Filter>
  </ItemGroup>
  <ItemGroup>
    <ClInclude Include="..\..\src\common\cbasetypes.h">
      <Filter>Header Files\common</Filter>
    </ClInclude>
    <ClInclude Include="..\..\src\common\mmo.h">
      <Filter>Header Files\common</Filter>
    </ClInclude>
    <ClInclude Include="..\..\src\common\utils.h">
      <Filter>Header Files\common</Filter>
    </ClInclude>
    <ClInclude Include="..\..\src\common\detour\DetourAlloc.h">
      <Filter>Header Files\common\detour</Filter>
    </ClInclude>
    <ClInclude Include="..\..\src\common\detour\DetourAssert.h">
      <Filter>Header Files\common\detour</Filter>
    </ClInclude>
    <ClInclude Include="..\..\src\common\detour\DetourCommon.h">
      <Filter>Header Files\common\detour</Filter>
    </ClInclude>
    <ClInclude Include="..\..\src\common\detour\DetourNavMesh.h">
      <Filter>Header Files\common\detour</Filter>
    </ClInclude>
    <ClInclude Include="..\..\src\common\detour\DetourNavMeshBuilder.h">
      <Filter>Header Files\common\detour</Filter>
    </ClInclude>
    <ClInclude Include="..\..\src\common\detour\DetourNavMeshQuery.h">
      <Filter>Header Files\common\detour</Filter>
    </ClInclude>
    <ClInclude Include="..\..\src\common\detour\DetourNode.h">
      <Filter>Header Files\common\detour</Filter>
    </ClInclude>
    <ClInclude Include="..\..\src\common\detour\DetourStatus.h">
      <Filter>Header Files\common\detour</Filter>
    </ClInclude>
    <ClInclude Include="..\..\src\common\recast\Recast.h">
      <Filter>Header Files\common\recast</Filter>
    </ClInclude>
    <ClInclude Include="..\..\src\common\recast\RecastAlloc.h">
      <Filter>Header Files\common\recast</Filter>
    </ClInclude>
    <ClInclude Include="..\..\src\common\recast\RecastAssert.h">
      <Filter>Header Files\common\recast</Filter>
    </ClInclude>
    <ClInclude Include="..\..\src\map\navmesh.h">
      <Filter>Header Files</Filter>
    </ClInclude>
    <ClInclude Include="..\..\src\map\ai\helpers\pathfind.h">
      <Filter>Header Files\ai\helpers</Filter>
    </ClInclude>
    <ClInclude Include="..\..\src\common\dsprand.h">
      <Filter>Header Files</Filter>
    </ClInclude>
    <ClInclude Include="..\..\src\common\marshal\string.h">
      <Filter>Header Files\common\marshal</Filter>
    </ClInclude>
  </ItemGroup>
  <ItemGroup>
    <ClCompile Include="..\..\src\common\utils.cpp">
      <Filter>Source Files\common</Filter>
    </ClCompile>
    <ClCompile Include="..\..\src\common\detour\DetourAlloc.cpp">
      <Filter>Source Files\common\detour</Filter>
    </ClCompile>
    <ClCompile Include="..\..\src\common\detour\DetourCommon.cpp">
      <Filter>Source Files\common\detour</Filter>
    </ClCompile>
    <ClCompile Include="..\..\src\common\detour\DetourNavMesh.cpp">
      <Filter>Source Files\common\detour</Filter>
    </ClCompile>
    <ClCompile Include="..\..\src\common\detour\DetourNavMeshBuilder.cpp">
      <Filter>Source Files\common\detour</Filter>
    </ClCompile>
    <ClCompile Include="..\..\src\common\detour\DetourNavMeshQuery.cpp">
      <Filter>Source Files\common\detour</Filter>
    </ClCompile>
    <ClCompile Include="..\..\src\common\detour\DetourNode.cpp">
      <Filter>Source Files\common\detour</Filter>
    </ClCompile>
    <ClCompile Include="..\..\src\map\navmesh.cpp">
      <Filter>Source Files</Filter>
    </ClCompile>
    <ClCompile Include="..\..\src\map\ai\helpers\pathfind.cpp">
      <Filter>Source Files\ai\helpers</Filter>
    </ClCompile>
  </ItemGroup>
</Project>